{
  "nodes": {
    "nixpkgs": {
      "locked": {
        "lastModified": 1747209494,
        "narHash": "sha256-fLise+ys+bpyjuUUkbwqo5W/UyIELvRz9lPBPoB0fbM=",
        "owner": "NixOS",
        "repo": "nixpkgs",
        "rev": "5d736263df906c5da72ab0f372427814de2f52f8",
        "type": "github"
      },
      "original": {
        "owner": "NixOS",
        "ref": "nixos-24.11",
        "repo": "nixpkgs",
        "type": "github"
      }
    },
    "nixpkgs-sing-box": {
      "locked": {
        "lastModified": 1746434183,
        "narHash": "sha256-iAmT4YmjwVTc6illPRtXQZ7MBh+BtJ7c1ohFnpv8WQw=",
        "owner": "NixOS",
        "repo": "nixpkgs",
        "rev": "9403a4f741ec24789c0718beb3aaca04c4a9b4ae",
        "type": "github"
      },
      "original": {
        "owner": "NixOS",
        "repo": "nixpkgs",
        "rev": "9403a4f741ec24789c0718beb3aaca04c4a9b4ae",
        "type": "github"
      }
    },
    "root": {
      "inputs": {
        "nixpkgs": "nixpkgs",
        "nixpkgs-sing-box": "nixpkgs-sing-box"
      }
    }
  },
  "root": "root",
  "version": 7
}
